# THIS IS AN AUTOGENERATED FILE. DO NOT EDIT THIS FILE DIRECTLY.
# yarn lockfile v1


"@eslint/js@^9.0.0":
  version "9.39.3"
  resolved "https://registry.yarnpkg.com/@eslint/js/-/js-9.39.3.tgz#c6168736c7e0c43ead49654ed06a4bcb3833363d"
  integrity sha512-1B1VkCq6FuUNlQvlBYb+1jDu/gV297TIs/OeiaSR9l1H27SVW55ONE1e1Vp16NqP683+xEGzxYtv4XCiDPaQiw==

eslint-config-prettier@^9.0.0:
  version "9.0.0"
  resolved "https://registry.yarnpkg.com/eslint-config-prettier/-/eslint-config-prettier-9.0.0.tgz#eb25485946dd0c66cd216a46232dc05451518d1f"
  integrity sha512-IcJsTkJae2S35pRsRAwoCE+925rJJStOdkKnLVgtE+tEpqU0EVVM7OqrwxqgptKdX29NUwC82I5pXsGFIgSevw==

globals@^15.0.0:
  version "15.15.0"
  resolved "https://registry.yarnpkg.com/globals/-/globals-15.15.0.tgz#7c4761299d41c32b075715a4ce1ede7897ff72a8"
  integrity sha512-7ACyT3wmyp3I61S4fG682L0VA2RGD9otkqGJIwNUMF1SWUombIIk+af1unuDYgMm082aHYwD+mzJvv9Iu8dsgg==

prettier@^3.0.3:
  version "3.0.3"
  resolved "https://registry.yarnpkg.com/prettier/-/prettier-3.0.3.tgz#432a51f7ba422d1469096c0fdc28e235db8f9643"
  integrity sha512-L/4pUDMxcNa8R/EthV08Zt42WBO4h1rarVtK0K+QJG0X187OLo7l699jWw0GKuwzkPQ//jMFA/8Xm6Fh3J/DAg==
